// !$*UTF8*$!
{
	archiveVersion = 1;
	classes = {
	};
	objectVersion = 56;
	objects = {

/* Begin PBXBuildFile section */
		5E4D0FA92B2B3E6100EC18FA /* AppDelegate.swift in Sources */ = {isa = PBXBuildFile; fileRef = 5E4D0FA82B2B3E6100EC18FA /* AppDelegate.swift */; };
		5E4D0FAB2B2B3E6100EC18FA /* SceneDelegate.swift in Sources */ = {isa = PBXBuildFile; fileRef = 5E4D0FAA2B2B3E6100EC18FA /* SceneDelegate.swift */; };
		5E4D0FAD2B2B3E6100EC18FA /* ViewController.swift in Sources */ = {isa = PBXBuildFile; fileRef = 5E4D0FAC2B2B3E6100EC18FA /* ViewController.swift */; };
		5E4D0FB22B2B3E6300EC18FA /* Assets.xcassets in Resources */ = {isa = PBXBuildFile; fileRef = 5E4D0FB12B2B3E6300EC18FA /* Assets.xcassets */; };
		5E4D0FB52B2B3E6300EC18FA /* LaunchScreen.storyboard in Resources */ = {isa = PBXBuildFile; fileRef = 5E4D0FB32B2B3E6300EC18FA /* LaunchScreen.storyboard */; };
		5E4D0FC62B2B426E00EC18FA /* MainTabBarViewController.swift in Sources */ = {isa = PBXBuildFile; fileRef = 5E4D0FC52B2B426E00EC18FA /* MainTabBarViewController.swift */; };
		5E4D0FC82B2B429B00EC18FA /* TabOneViewController.swift in Sources */ = {isa = PBXBuildFile; fileRef = 5E4D0FC72B2B429B00EC18FA /* TabOneViewController.swift */; };
		5E4D0FCA2B2B42C800EC18FA /* TabTwoViewController.swift in Sources */ = {isa = PBXBuildFile; fileRef = 5E4D0FC92B2B42C800EC18FA /* TabTwoViewController.swift */; };
		5E4D0FCC2B2B42E900EC18FA /* TabThreeViewController.swift in Sources */ = {isa = PBXBuildFile; fileRef = 5E4D0FCB2B2B42E900EC18FA /* TabThreeViewController.swift */; };
		5E4D0FCE2B2B433E00EC18FA /* TabFourViewController.swift in Sources */ = {isa = PBXBuildFile; fileRef = 5E4D0FCD2B2B433E00EC18FA /* TabFourViewController.swift */; };
		5E4D0FD02B2B435500EC18FA /* TabFiveViewController.swift in Sources */ = {isa = PBXBuildFile; fileRef = 5E4D0FCF2B2B435500EC18FA /* TabFiveViewController.swift */; };
/* End PBXBuildFile section */

/* Begin PBXFileReference section */
		5E4D0FA52B2B3E6100EC18FA /* TabBarTester.app */ = {isa = PBXFileReference; explicitFileType = wrapper.application; includeInIndex = 0; path = TabBarTester.app; sourceTree = BUILT_PRODUCTS_DIR; };
		5E4D0FA82B2B3E6100EC18FA /* AppDelegate.swift */ = {isa = PBXFileReference; lastKnownFileType = sourcecode.swift; path = AppDelegate.swift; sourceTree = "<group>"; };
		5E4D0FAA2B2B3E6100EC18FA /* SceneDelegate.swift */ = {isa = PBXFileReference; lastKnownFileType = sourcecode.swift; path = SceneDelegate.swift; sourceTree = "<group>"; };
		5E4D0FAC2B2B3E6100EC18FA /* ViewController.swift */ = {isa = PBXFileReference; lastKnownFileType = sourcecode.swift; path = ViewController.swift; sourceTree = "<group>"; };
		5E4D0FB12B2B3E6300EC18FA /* Assets.xcassets */ = {isa = PBXFileReference; lastKnownFileType = folder.assetcatalog; path = Assets.xcassets; sourceTree = "<group>"; };
		5E4D0FB42B2B3E6300EC18FA /* Base */ = {isa = PBXFileReference; lastKnownFileType = file.storyboard; name = Base; path = Base.lproj/LaunchScreen.storyboard; sourceTree = "<group>"; };
		5E4D0FB62B2B3E6300EC18FA /* Info.plist */ = {isa = PBXFileReference; lastKnownFileType = text.plist.xml; path = Info.plist; sourceTree = "<group>"; };
		5E4D0FC52B2B426E00EC18FA /* MainTabBarViewController.swift */ = {isa = PBXFileReference; lastKnownFileType = sourcecode.swift; path = MainTabBarViewController.swift; sourceTree = "<group>"; };
		5E4D0FC72B2B429B00EC18FA /* TabOneViewController.swift */ = {isa = PBXFileReference; lastKnownFileType = sourcecode.swift; path = TabOneViewController.swift; sourceTree = "<group>"; };
		5E4D0FC92B2B42C800EC18FA /* TabTwoViewController.swift */ = {isa = PBXFileReference; lastKnownFileType = sourcecode.swift; path = TabTwoViewController.swift; sourceTree = "<group>"; };
		5E4D0FCB2B2B42E900EC18FA /* TabThreeViewController.swift */ = {isa = PBXFileReference; lastKnownFileType = sourcecode.swift; path = TabThreeViewController.swift; sourceTree = "<group>"; };
		5E4D0FCD2B2B433E00EC18FA /* TabFourViewController.swift */ = {isa = PBXFileReference; lastKnownFileType = sourcecode.swift; path = TabFourViewController.swift; sourceTree = "<group>"; };
		5E4D0FCF2B2B435500EC18FA /* TabFiveViewController.swift */ = {isa = PBXFileReference; lastKnownFileType = sourcecode.swift; path = TabFiveViewController.swift; sourceTree = "<group>"; };
/* End PBXFileReference section */

/* Begin PBXFrameworksBuildPhase section */
		5E4D0FA22B2B3E6100EC18FA /* Frameworks */ = {
			isa = PBXFrameworksBuildPhase;
			buildActionMask = 2147483647;
			files = (
			);
			runOnlyForDeploymentPostprocessing = 0;
		};
/* End PBXFrameworksBuildPhase section */

/* Begin PBXGroup section */
		5E4D0F9C2B2B3E6100EC18FA = {
			isa = PBXGroup;
			children = (
				5E4D0FA72B2B3E6100EC18FA /* TabBarTester */,
				5E4D0FA62B2B3E6100EC18FA /* Products */,
			);
			sourceTree = "<group>";
		};
		5E4D0FA62B2B3E6100EC18FA /* Products */ = {
			isa = PBXGroup;
			children = (
				5E4D0FA52B2B3E6100EC18FA /* TabBarTester.app */,
			);
			name = Products;
			sourceTree = "<group>";
		};
		5E4D0FA72B2B3E6100EC18FA /* TabBarTester */ = {
			isa = PBXGroup;
			children = (
				5E4D0FC42B2B425500EC18FA /* Controllers */,
				5E4D0FA82B2B3E6100EC18FA /* AppDelegate.swift */,
				5E4D0FAA2B2B3E6100EC18FA /* SceneDelegate.swift */,
				5E4D0FAC2B2B3E6100EC18FA /* ViewController.swift */,
				5E4D0FB12B2B3E6300EC18FA /* Assets.xcassets */,
				5E4D0FB32B2B3E6300EC18FA /* LaunchScreen.storyboard */,
				5E4D0FB62B2B3E6300EC18FA /* Info.plist */,
			);
			path = TabBarTester;
			sourceTree = "<group>";
		};
		5E4D0FC42B2B425500EC18FA /* Controllers */ = {
			isa = PBXGroup;
			children = (
				5E4D0FC72B2B429B00EC18FA /* TabOneViewController.swift */,
				5E4D0FC92B2B42C800EC18FA /* TabTwoViewController.swift */,
				5E4D0FCB2B2B42E900EC18FA /* TabThreeViewController.swift */,
				5E4D0FCD2B2B433E00EC18FA /* TabFourViewController.swift */,
				5E4D0FCF2B2B435500EC18FA /* TabFiveViewController.swift */,
				5E4D0FC52B2B426E00EC18FA /* MainTabBarViewController.swift */,
			);
			path = Controllers;
			sourceTree = "<group>";
		};
/* End PBXGroup section */

/* Begin PBXNativeTarget section */
		5E4D0FA42B2B3E6100EC18FA /* TabBarTester */ = {
			isa = PBXNativeTarget;
			buildConfigurationList = 5E4D0FB92B2B3E6300EC18FA /* Build configuration list for PBXNativeTarget "TabBarTester" */;
			buildPhases = (
				5E4D0FA12B2B3E6100EC18FA /* Sources */,
				5E4D0FA22B2B3E6100EC18FA /* Frameworks */,
				5E4D0FA32B2B3E6100EC18FA /* Resources */,
			);
			buildRules = (
			);
			dependencies = (
			);
			name = TabBarTester;
			productName = TabBarTester;
			productReference = 5E4D0FA52B2B3E6100EC18FA /* TabBarTester.app */;
			productType = "com.apple.product-type.application";
		};
/* End PBXNativeTarget section */

/* Begin PBXProject section */
		5E4D0F9D2B2B3E6100EC18FA /* Project object */ = {
			isa = PBXProject;
			attributes = {
				BuildIndependentTargetsInParallel = 1;
				LastSwiftUpdateCheck = 1500;
				LastUpgradeCheck = 1500;
				TargetAttributes = {
					5E4D0FA42B2B3E6100EC18FA = {
						CreatedOnToolsVersion = 15.0.1;
					};
				};
			};
			buildConfigurationList = 5E4D0FA02B2B3E6100EC18FA /* Build configuration list for PBXProject "TabBarTester" */;
			compatibilityVersion = "Xcode 14.0";
			developmentRegion = en;
			hasScannedForEncodings = 0;
			knownRegions = (
				en,
				Base,
			);
			mainGroup = 5E4D0F9C2B2B3E6100EC18FA;
			productRefGroup = 5E4D0FA62B2B3E6100EC18FA /* Products */;
			projectDirPath = "";
			projectRoot = "";
			targets = (
				5E4D0FA42B2B3E6100EC18FA /* TabBarTester */,
			);
		};
/* End PBXProject section */

/* Begin PBXResourcesBuildPhase section */
		5E4D0FA32B2B3E6100EC18FA /* Resources */ = {
			isa = PBXResourcesBuildPhase;
			buildActionMask = 2147483647;
			files = (
				5E4D0FB52B2B3E6300EC18FA /* LaunchScreen.storyboard in Resources */,
				5E4D0FB22B2B3E6300EC18FA /* Assets.xcassets in Resources */,
			);
			runOnlyForDeploymentPostprocessing = 0;
		};
/* End PBXResourcesBuildPhase section */

/* Begin PBXSourcesBuildPhase section */
		5E4D0FA12B2B3E6100EC18FA /* Sources */ = {
			isa = PBXSourcesBuildPhase;
			buildActionMask = 2147483647;
			files = (
				5E4D0FCE2B2B433E00EC18FA /* TabFourViewController.swift in Sources */,
				5E4D0FCC2B2B42E900EC18FA /* TabThreeViewController.swift in Sources */,
				5E4D0FAD2B2B3E6100EC18FA /* ViewController.swift in Sources */,
				5E4D0FC82B2B429B00EC18FA /* TabOneViewController.swift in Sources */,
				5E4D0FD02B2B435500EC18FA /* TabFiveViewController.swift in Sources */,
				5E4D0FC62B2B426E00EC18FA /* MainTabBarViewController.swift in Sources */,
				5E4D0FA92B2B3E6100EC18FA /* AppDelegate.swift in Sources */,
				5E4D0FAB2B2B3E6100EC18FA /* SceneDelegate.swift in Sources */,
				5E4D0FCA2B2B42C800EC18FA /* TabTwoViewController.swift in Sources */,
			);
			runOnlyForDeploymentPostprocessing = 0;
		};
/* End PBXSourcesBuildPhase section */

/* Begin PBXVariantGroup section */
		5E4D0FB32B2B3E6300EC18FA /* LaunchScreen.storyboard */ = {
			isa = PBXVariantGroup;
			children = (
				5E4D0FB42B2B3E6300EC18FA /* Base */,
			);
			name = LaunchScreen.storyboard;
			sourceTree = "<group>";
		};
/* End PBXVariantGroup section */

/* Begin XCBuildConfiguration section */
		5E4D0FB72B2B3E6300EC18FA /* Debug */ = {
			isa = XCBuildConfiguration;
			buildSettings = {
				ALWAYS_SEARCH_USER_PATHS = NO;
				ASSETCATALOG_COMPILER_GENERATE_SWIFT_ASSET_SYMBOL_EXTENSIONS = YES;
				CLANG_ANALYZER_NONNULL = YES;
				CLANG_ANALYZER_NUMBER_OBJECT_CONVERSION = YES_AGGRESSIVE;
				CLANG_CXX_LANGUAGE_STANDARD = "gnu++20";
				CLANG_ENABLE_MODULES = YES;
				CLANG_ENABLE_OBJC_ARC = YES;
				CLANG_ENABLE_OBJC_WEAK = YES;
				CLANG_WARN_BLOCK_CAPTURE_AUTORELEASING = YES;
				CLANG_WARN_BOOL_CONVERSION = YES;
				CLANG_WARN_COMMA = YES;
				CLANG_WARN_CONSTANT_CONVERSION = YES;
				CLANG_WARN_DEPRECATED_OBJC_IMPLEMENTATIONS = YES;
				CLANG_WARN_DIRECT_OBJC_ISA_USAGE = YES_ERROR;
				CLANG_WARN_DOCUMENTATION_COMMENTS = YES;
				CLANG_WARN_EMPTY_BODY = YES;
				CLANG_WARN_ENUM_CONVERSION = YES;
				CLANG_WARN_INFINITE_RECURSION = YES;
				CLANG_WARN_INT_CONVERSION = YES;
				CLANG_WARN_NON_LITERAL_NULL_CONVERSION = YES;
				CLANG_WARN_OBJC_IMPLICIT_RETAIN_SELF = YES;
				CLANG_WARN_OBJC_LITERAL_CONVERSION = YES;
				CLANG_WARN_OBJC_ROOT_CLASS = YES_ERROR;
				CLANG_WARN_QUOTED_INCLUDE_IN_FRAMEWORK_HEADER = YES;
				CLANG_WARN_RANGE_LOOP_ANALYSIS = YES;
				CLANG_WARN_STRICT_PROTOTYPES = YES;
				CLANG_WARN_SUSPICIOUS_MOVE = YES;
				CLANG_WARN_UNGUARDED_AVAILABILITY = YES_AGGRESSIVE;
				CLANG_WARN_UNREACHABLE_CODE = YES;
				CLANG_WARN__DUPLICATE_METHOD_MATCH = YES;
				COPY_PHASE_STRIP = NO;
				DEBUG_INFORMATION_FORMAT = dwarf;
				ENABLE_STRICT_OBJC_MSGSEND = YES;
				ENABLE_TESTABILITY = YES;
				ENABLE_USER_SCRIPT_SANDBOXING = YES;
				GCC_C_LANGUAGE_STANDARD = gnu17;
				GCC_DYNAMIC_NO_PIC = NO;
				GCC_NO_COMMON_BLOCKS = YES;
				GCC_OPTIMIZATION_LEVEL = 0;
				GCC_PREPROCESSOR_DEFINITIONS = (
					"DEBUG=1",
					"$(inherited)",
				);
				GCC_WARN_64_TO_32_BIT_CONVERSION = YES;
				GCC_WARN_ABOUT_RETURN_TYPE = YES_ERROR;
				GCC_WARN_UNDECLARED_SELECTOR = YES;
				GCC_WARN_UNINITIALIZED_AUTOS = YES_AGGRESSIVE;
				GCC_WARN_UNUSED_FUNCTION = YES;
				GCC_WARN_UNUSED_VARIABLE = YES;
				IPHONEOS_DEPLOYMENT_TARGET = 17.0;
				LOCALIZATION_PREFERS_STRING_CATALOGS = YES;
				MTL_ENABLE_DEBUG_INFO = INCLUDE_SOURCE;
				MTL_FAST_MATH = YES;
				ONLY_ACTIVE_ARCH = YES;
				SDKROOT = iphoneos;
				SWIFT_ACTIVE_COMPILATION_CONDITIONS = "DEBUG $(inherited)";
				SWIFT_OPTIMIZATION_LEVEL = "-Onone";
			};
			name = Debug;
		};
		5E4D0FB82B2B3E6300EC18FA /* Release */ = {
			isa = XCBuildConfiguration;
			buildSettings = {
				ALWAYS_SEARCH_USER_PATHS = NO;
				ASSETCATALOG_COMPILER_GENERATE_SWIFT_ASSET_SYMBOL_EXTENSIONS = YES;
				CLANG_ANALYZER_NONNULL = YES;
				CLANG_ANALYZER_NUMBER_OBJECT_CONVERSION = YES_AGGRESSIVE;
				CLANG_CXX_LANGUAGE_STANDARD = "gnu++20";
				CLANG_ENABLE_MODULES = YES;
				CLANG_ENABLE_OBJC_ARC = YES;
				CLANG_ENABLE_OBJC_WEAK = YES;
				CLANG_WARN_BLOCK_CAPTURE_AUTORELEASING = YES;
				CLANG_WARN_BOOL_CONVERSION = YES;
				CLANG_WARN_COMMA = YES;
				CLANG_WARN_CONSTANT_CONVERSION = YES;
				CLANG_WARN_DEPRECATED_OBJC_IMPLEMENTATIONS = YES;
				CLANG_WARN_DIRECT_OBJC_ISA_USAGE = YES_ERROR;
				CLANG_WARN_DOCUMENTATION_COMMENTS = YES;
				CLANG_WARN_EMPTY_BODY = YES;
				CLANG_WARN_ENUM_CONVERSION = YES;
				CLANG_WARN_INFINITE_RECURSION = YES;
				CLANG_WARN_INT_CONVERSION = YES;
				CLANG_WARN_NON_LITERAL_NULL_CONVERSION = YES;
				CLANG_WARN_OBJC_IMPLICIT_RETAIN_SELF = YES;
				CLANG_WARN_OBJC_LITERAL_CONVERSION = YES;
				CLANG_WARN_OBJC_ROOT_CLASS = YES_ERROR;
				CLANG_WARN_QUOTED_INCLUDE_IN_FRAMEWORK_HEADER = YES;
				CLANG_WARN_RANGE_LOOP_ANALYSIS = YES;
				CLANG_WARN_STRICT_PROTOTYPES = YES;
				CLANG_WARN_SUSPICIOUS_MOVE = YES;
				CLANG_WARN_UNGUARDED_AVAILABILITY = YES_AGGRESSIVE;
				CLANG_WARN_UNREACHABLE_CODE = YES;
				CLANG_WARN__DUPLICATE_METHOD_MATCH = YES;
				COPY_PHASE_STRIP = NO;
				DEBUG_INFORMATION_FORMAT = "dwarf-with-dsym";
				ENABLE_NS_ASSERTIONS = NO;
				ENABLE_STRICT_OBJC_MSGSEND = YES;
				ENABLE_USER_SCRIPT_SANDBOXING = YES;
				GCC_C_LANGUAGE_STANDARD = gnu17;
				GCC_NO_COMMON_BLOCKS = YES;
				GCC_WARN_64_TO_32_BIT_CONVERSION = YES;
				GCC_WARN_ABOUT_RETURN_TYPE = YES_ERROR;
				GCC_WARN_UNDECLARED_SELECTOR = YES;
				GCC_WARN_UNINITIALIZED_AUTOS = YES_AGGRESSIVE;
				GCC_WARN_UNUSED_FUNCTION = YES;
				GCC_WARN_UNUSED_VARIABLE = YES;
				IPHONEOS_DEPLOYMENT_TARGET = 17.0;
				LOCALIZATION_PREFERS_STRING_CATALOGS = YES;
				MTL_ENABLE_DEBUG_INFO = NO;
				MTL_FAST_MATH = YES;
				SDKROOT = iphoneos;
				SWIFT_COMPILATION_MODE = wholemodule;
				VALIDATE_PRODUCT = YES;
			};
			name = Release;
		};
		5E4D0FBA2B2B3E6300EC18FA /* Debug */ = {
			isa = XCBuildConfiguration;
			buildSettings = {
				ASSETCATALOG_COMPILER_APPICON_NAME = AppIcon;
				ASSETCATALOG_COMPILER_GLOBAL_ACCENT_COLOR_NAME = AccentColor;
				CODE_SIGN_STYLE = Automatic;
				CURRENT_PROJECT_VERSION = 1;
				DEVELOPMENT_TEAM = NTWU84BA4K;
				GENERATE_INFOPLIST_FILE = YES;
				INFOPLIST_FILE = TabBarTester/Info.plist;
				INFOPLIST_KEY_UIApplicationSupportsIndirectInputEvents = YES;
				INFOPLIST_KEY_UILaunchStoryboardName = LaunchScreen;
				INFOPLIST_KEY_UISupportedInterfaceOrientations_iPad = "UIInterfaceOrientationPortrait UIInterfaceOrientationPortraitUpsideDown UIInterfaceOrientationLandscapeLeft UIInterfaceOrientationLandscapeRight";
				INFOPLIST_KEY_UISupportedInterfaceOrientations_iPhone = "UIInterfaceOrientationPortrait UIInterfaceOrientationLandscapeLeft UIInterfaceOrientationLandscapeRight";
				LD_RUNPATH_SEARCH_PATHS = (
					"$(inherited)",
					"@executable_path/Frameworks",
				);
				MARKETING_VERSION = 1.0;
				PRODUCT_BUNDLE_IDENTIFIER = NS.TabBarTester;
				PRODUCT_NAME = "$(TARGET_NAME)";
				SWIFT_EMIT_LOC_STRINGS = YES;
				SWIFT_VERSION = 5.0;
				TARGETED_DEVICE_FAMILY = "1,2";
			};
			name = Debug;
		};
		5E4D0FBB2B2B3E6300EC18FA /* Release */ = {
			isa = XCBuildConfiguration;
			buildSettings = {
				ASSETCATALOG_COMPILER_APPICON_NAME = AppIcon;
				ASSETCATALOG_COMPILER_GLOBAL_ACCENT_COLOR_NAME = AccentColor;
				CODE_SIGN_STYLE = Automatic;
				CURRENT_PROJECT_VERSION = 1;
				DEVELOPMENT_TEAM = NTWU84BA4K;
				GENERATE_INFOPLIST_FILE = YES;
				INFOPLIST_FILE = TabBarTester/Info.plist;
				INFOPLIST_KEY_UIApplicationSupportsIndirectInputEvents = YES;
				INFOPLIST_KEY_UILaunchStoryboardName = LaunchScreen;
				INFOPLIST_KEY_UISupportedInterfaceOrientations_iPad = "UIInterfaceOrientationPortrait UIInterfaceOrientationPortraitUpsideDown UIInterfaceOrientationLandscapeLeft UIInterfaceOrientationLandscapeRight";
				INFOPLIST_KEY_UISupportedInterfaceOrientations_iPhone = "UIInterfaceOrientationPortrait UIInterfaceOrientationLandscapeLeft UIInterfaceOrientationLandscapeRight";
				LD_RUNPATH_SEARCH_PATHS = (
					"$(inherited)",
					"@executable_path/Frameworks",
				);
				MARKETING_VERSION = 1.0;
				PRODUCT_BUNDLE_IDENTIFIER = NS.TabBarTester;
				PRODUCT_NAME = "$(TARGET_NAME)";
				SWIFT_EMIT_LOC_STRINGS = YES;
				SWIFT_VERSION = 5.0;
				TARGETED_DEVICE_FAMILY = "1,2";
			};
			name = Release;
		};
/* End XCBuildConfiguration section */

/* Begin XCConfigurationList section */
		5E4D0FA02B2B3E6100EC18FA /* Build configuration list for PBXProject "TabBarTester" */ = {
			isa = XCConfigurationList;
			buildConfigurations = (
				5E4D0FB72B2B3E6300EC18FA /* Debug */,
				5E4D0FB82B2B3E6300EC18FA /* Release */,
			);
			defaultConfigurationIsVisible = 0;
			defaultConfigurationName = Release;
		};
		5E4D0FB92B2B3E6300EC18FA /* Build configuration list for PBXNativeTarget "TabBarTester" */ = {
			isa = XCConfigurationList;
			buildConfigurations = (
				5E4D0FBA2B2B3E6300EC18FA /* Debug */,
				5E4D0FBB2B2B3E6300EC18FA /* Release */,
			);
			defaultConfigurationIsVisible = 0;
			defaultConfigurationName = Release;
		};
/* End XCConfigurationList section */
	};
	rootObject = 5E4D0F9D2B2B3E6100EC18FA /* Project object */;
}
